
Microsoft Visual Studio Solution File, Format Version 12.00
# Visual Studio 15
VisualStudioVersion = 15.0.28010.2026
MinimumVisualStudioVersion = 10.0.40219.1
Project("{FAE04EC0-301F-11D3-BF4B-00C04F79EFBC}") = "TestDb", "TestDb\TestDb.csproj", "{5EA5D733-BD3A-4FA1-A753-0F0388C9DF69}"
EndProject
Global
	GlobalSection(SolutionConfigurationPlatforms) = preSolution
		Debug|Any CPU = Debug|Any CPU
		Release|Any CPU = Release|Any CPU
	EndGlobalSection
	GlobalSection(ProjectConfigurationPlatforms) = postSolution
		{5EA5D733-BD3A-4FA1-A753-0F0388C9DF69}.Debug|Any CPU.ActiveCfg = Debug|Any CPU
		{5EA5D733-BD3A-4FA1-A753-0F0388C9DF69}.Debug|Any CPU.Build.0 = Debug|Any CPU
		{5EA5D733-BD3A-4FA1-A753-0F0388C9DF69}.Release|Any CPU.ActiveCfg = Release|Any CPU
		{5EA5D733-BD3A-4FA1-A753-0F0388C9DF69}.Release|Any CPU.Build.0 = Release|Any CPU
	EndGlobalSection
	GlobalSection(SolutionProperties) = preSolution
		HideSolutionNode = FALSE
	EndGlobalSection
	GlobalSection(ExtensibilityGlobals) = postSolution
		SolutionGuid = {84327E68-C7CB-4D5E-ADDC-FDF4B6B0472F}
	EndGlobalSection
EndGlobal
